{
  "version": 4,
  "terraform_version": "1.12.2",
  "serial": 304,
  "lineage": "70340205-c71d-cc48-32cc-4022a51a510d",
  "outputs": {
    "chef_public_ip": {
      "value": "65.2.175.106",
      "type": "string"
    },
    "workstation_public_ip": {
      "value": "3.110.176.184",
      "type": "string"
    }
  },
  "resources": [
    {
      "mode": "managed",
      "type": "aws_instance",
      "name": "Chef",
      "provider": "provider[\"registry.terraform.io/hashicorp/aws\"]",
      "instances": [
        {
          "schema_version": 2,
          "attributes": {
            "ami": "ami-02d26659fd82cf299",
            "arn": "arn:aws:ec2:ap-south-1:796973494537:instance/i-0a11ed2c834d5a9b3",
            "associate_public_ip_address": true,
            "availability_zone": "ap-south-1a",
            "capacity_reservation_specification": [
              {
                "capacity_reservation_preference": "open",
                "capacity_reservation_target": []
              }
            ],
            "cpu_options": [
              {
                "amd_sev_snp": "",
                "core_count": 2,
                "threads_per_core": 1
              }
            ],
            "credit_specification": [
              {
                "cpu_credits": "standard"
              }
            ],
            "disable_api_stop": false,
            "disable_api_termination": false,
            "ebs_block_device": [],
            "ebs_optimized": false,
            "enable_primary_ipv6": null,
            "enclave_options": [
              {
                "enabled": false
              }
            ],
            "ephemeral_block_device": [],
            "force_destroy": false,
            "get_password_data": false,
            "hibernation": false,
            "host_id": "",
            "host_resource_group_arn": null,
            "iam_instance_profile": "",
            "id": "i-0a11ed2c834d5a9b3",
            "instance_initiated_shutdown_behavior": "stop",
            "instance_lifecycle": "",
            "instance_market_options": [],
            "instance_state": "running",
            "instance_type": "t2.medium",
            "ipv6_address_count": 0,
            "ipv6_addresses": [],
            "key_name": "deployer-key",
            "launch_template": [],
            "maintenance_options": [
              {
                "auto_recovery": "default"
              }
            ],
            "metadata_options": [
              {
                "http_endpoint": "enabled",
                "http_protocol_ipv6": "disabled",
                "http_put_response_hop_limit": 2,
                "http_tokens": "required",
                "instance_metadata_tags": "disabled"
              }
            ],
            "monitoring": false,
            "network_interface": [],
            "outpost_arn": "",
            "password_data": "",
            "placement_group": "",
            "placement_partition_number": 0,
            "primary_network_interface": [
              {
                "delete_on_termination": true,
                "network_interface_id": "eni-02a4cbd16aea82de7"
              }
            ],
            "primary_network_interface_id": "eni-02a4cbd16aea82de7",
            "private_dns": "ip-172-31-46-255.ap-south-1.compute.internal",
            "private_dns_name_options": [
              {
                "enable_resource_name_dns_a_record": false,
                "enable_resource_name_dns_aaaa_record": false,
                "hostname_type": "ip-name"
              }
            ],
            "private_ip": "172.31.46.255",
            "public_dns": "ec2-65-2-175-106.ap-south-1.compute.amazonaws.com",
            "public_ip": "65.2.175.106",
            "region": "ap-south-1",
            "root_block_device": [
              {
                "delete_on_termination": true,
                "device_name": "/dev/sda1",
                "encrypted": false,
                "iops": 3000,
                "kms_key_id": "",
                "tags": {},
                "tags_all": {},
                "throughput": 125,
                "volume_id": "vol-07e14933ffcf6537a",
                "volume_size": 8,
                "volume_type": "gp3"
              }
            ],
            "secondary_private_ips": [],
            "security_groups": [
              "default"
            ],
            "source_dest_check": true,
            "spot_instance_request_id": "",
            "subnet_id": "subnet-0e0f578c91bc533af",
            "tags": {
              "Name": "linux-Chef-Server"
            },
            "tags_all": {
              "Name": "linux-Chef-Server"
            },
            "tenancy": "default",
            "timeouts": null,
            "user_data": "#!/bin/bash\r\napt update -y\r\napt install -y wget\r\nwget https://packages.chef.io/files/stable/chef-server/15.3.2/ubuntu/22.04/chef-server-core_15.3.2-1_amd64.deb\r\ndpkg -i chef-server-core_15.3.2-1_amd64.deb\r\nchef-server-ctl reconfigure\r\nchef-server-ctl status\r\nchef-server-ctl install chef-manage\r\nchef-server-ctl reconfigure\r\nchef-manage-ctl reconfigure\r\nchef-server-ctl user-create gaurav Gaurav Upadhayay gaurav@dropmail.live 'Gu@102831' --filename /home/ubuntu/gaurav.pem\r\nchef-server-ctl org-create coforge 'Coforge Ltd.' --association_user gaurav --filename /home/ubuntu/coforge-validator.pem\r\nchef-server-ctl reindex --all-orgs\r\n",
            "user_data_base64": null,
            "user_data_replace_on_change": false,
            "volume_tags": null,
            "vpc_security_group_ids": [
              "sg-021052133b79a7d8b"
            ]
          },
          "sensitive_attributes": [],
          "identity_schema_version": 0,
          "private": "eyJlMmJmYjczMC1lY2FhLTExZTYtOGY4OC0zNDM2M2JjN2M0YzAiOnsiY3JlYXRlIjo2MDAwMDAwMDAwMDAsImRlbGV0ZSI6MTIwMDAwMDAwMDAwMCwicmVhZCI6OTAwMDAwMDAwMDAwLCJ1cGRhdGUiOjYwMDAwMDAwMDAwMH0sInNjaGVtYV92ZXJzaW9uIjoiMiJ9"
        }
      ]
    },
    {
      "mode": "managed",
      "type": "aws_instance",
      "name": "workstation",
      "provider": "provider[\"registry.terraform.io/hashicorp/aws\"]",
      "instances": [
        {
          "schema_version": 2,
          "attributes": {
            "ami": "ami-0861f4e788f5069dd",
            "arn": "arn:aws:ec2:ap-south-1:796973494537:instance/i-0ba12afbfc94c77c5",
            "associate_public_ip_address": true,
            "availability_zone": "ap-south-1b",
            "capacity_reservation_specification": [
              {
                "capacity_reservation_preference": "open",
                "capacity_reservation_target": []
              }
            ],
            "cpu_options": [
              {
                "amd_sev_snp": "",
                "core_count": 1,
                "threads_per_core": 1
              }
            ],
            "credit_specification": [
              {
                "cpu_credits": "standard"
              }
            ],
            "disable_api_stop": false,
            "disable_api_termination": false,
            "ebs_block_device": [],
            "ebs_optimized": false,
            "enable_primary_ipv6": null,
            "enclave_options": [
              {
                "enabled": false
              }
            ],
            "ephemeral_block_device": [],
            "force_destroy": false,
            "get_password_data": false,
            "hibernation": false,
            "host_id": "",
            "host_resource_group_arn": null,
            "iam_instance_profile": "",
            "id": "i-0ba12afbfc94c77c5",
            "instance_initiated_shutdown_behavior": "stop",
            "instance_lifecycle": "",
            "instance_market_options": [],
            "instance_state": "running",
            "instance_type": "t2.micro",
            "ipv6_address_count": 0,
            "ipv6_addresses": [],
            "key_name": "deployer-key",
            "launch_template": [],
            "maintenance_options": [
              {
                "auto_recovery": "default"
              }
            ],
            "metadata_options": [
              {
                "http_endpoint": "enabled",
                "http_protocol_ipv6": "disabled",
                "http_put_response_hop_limit": 2,
                "http_tokens": "required",
                "instance_metadata_tags": "disabled"
              }
            ],
            "monitoring": false,
            "network_interface": [],
            "outpost_arn": "",
            "password_data": "",
            "placement_group": "",
            "placement_partition_number": 0,
            "primary_network_interface": [
              {
                "delete_on_termination": true,
                "network_interface_id": "eni-036e14367751be800"
              }
            ],
            "primary_network_interface_id": "eni-036e14367751be800",
            "private_dns": "ip-172-31-1-132.ap-south-1.compute.internal",
            "private_dns_name_options": [
              {
                "enable_resource_name_dns_a_record": false,
                "enable_resource_name_dns_aaaa_record": false,
                "hostname_type": "ip-name"
              }
            ],
            "private_ip": "172.31.1.132",
            "public_dns": "ec2-3-110-176-184.ap-south-1.compute.amazonaws.com",
            "public_ip": "3.110.176.184",
            "region": "ap-south-1",
            "root_block_device": [
              {
                "delete_on_termination": true,
                "device_name": "/dev/xvda",
                "encrypted": false,
                "iops": 3000,
                "kms_key_id": "",
                "tags": {},
                "tags_all": {},
                "throughput": 125,
                "volume_id": "vol-032a75b11a3ec0bc9",
                "volume_size": 8,
                "volume_type": "gp3"
              }
            ],
            "secondary_private_ips": [],
            "security_groups": [
              "default"
            ],
            "source_dest_check": true,
            "spot_instance_request_id": "",
            "subnet_id": "subnet-0f9ffd0a7e38ecb84",
            "tags": {
              "Name": "linux-Client-Workstation"
            },
            "tags_all": {
              "Name": "linux-Client-Workstation"
            },
            "tenancy": "default",
            "timeouts": null,
            "user_data": "#!/bin/bash\r\nyum update -y\r\nwget https://packages.chef.io/files/stable/chef-workstation/0.4.2/el/7/chef-workstation-0.4.2-1.el6.x86_64.rpm\r\nyum install chef-workstation-0.4.2-1.el6.x86_64.rpm -y\r\nyum install libxcrypt-compat -y\r\ncurl https://omnitruck.chef.io/install.sh | sudo bash -s -- -P chef-workstation\r\n",
            "user_data_base64": null,
            "user_data_replace_on_change": false,
            "volume_tags": null,
            "vpc_security_group_ids": [
              "sg-021052133b79a7d8b"
            ]
          },
          "sensitive_attributes": [],
          "identity_schema_version": 0,
          "private": "eyJlMmJmYjczMC1lY2FhLTExZTYtOGY4OC0zNDM2M2JjN2M0YzAiOnsiY3JlYXRlIjo2MDAwMDAwMDAwMDAsImRlbGV0ZSI6MTIwMDAwMDAwMDAwMCwicmVhZCI6OTAwMDAwMDAwMDAwLCJ1cGRhdGUiOjYwMDAwMDAwMDAwMH0sInNjaGVtYV92ZXJzaW9uIjoiMiJ9"
        }
      ]
    },
    {
      "mode": "managed",
      "type": "aws_key_pair",
      "name": "deployer",
      "provider": "provider[\"registry.terraform.io/hashicorp/aws\"]",
      "instances": [
        {
          "schema_version": 1,
          "attributes": {
            "arn": "arn:aws:ec2:ap-south-1:796973494537:key-pair/deployer-key",
            "fingerprint": "f5:3b:c5:2c:2d:8a:ba:25:7d:74:fc:2c:e0:44:c4:28",
            "id": "deployer-key",
            "key_name": "deployer-key",
            "key_name_prefix": "",
            "key_pair_id": "key-068279a00149f1e32",
            "key_type": "rsa",
            "public_key": "ssh-rsa AAAAB3NzaC1yc2EAAAADAQABAAABgQDHY7g4RChH+l1rYj9rFPC5lNnjCUupMBiXV/EW4rg39UhsKkSo9ilW7P3gsJ2+ZcaBSia4kUTKf2qVRMY8TGyXW7cKJz5cb9+15yeMfrkTIq8K+1GpisM+DOileR7nZsx14cjUmGCLLh4EblWmsciWhUs0GW19xyw0loIJK/ADEJc5aMje/adaQg1UzVGpkWPSqb4uhVtp8Pm50O3sjLg7M0k39XwRvc6//RQXbowMCYQzb+U9Bzt6L01Vhd0ukN4U/hj8S4q7rdgiGGFI2eRj/E8tzZiZ2Hq+uvvmHNh8nPYnz10XMQHG2HpHGfrunUV3q0mRz0SS1dDD8uLqr+6s3UKaMB7OLDYu/lGQmIOQt58Ldez/1KsxSu5tmW9f+wqQfkDtOyBCeGe8uIjQouchuVCOL4y7LVq+Nf07thAfSTqX/GbxKo8ejaPeUuVlUUoiEHBve8N8kL4WsFvu3Izd84XrK+Fz9YUy+o9u1Mz7W07VDK6M5PFx6rAc93dbhb0= incoforgetech\\gaurav.26@LAP-TZ-0X107072",
            "region": "ap-south-1",
            "tags": {},
            "tags_all": {}
          },
          "sensitive_attributes": [],
          "identity_schema_version": 0,
          "private": "eyJzY2hlbWFfdmVyc2lvbiI6IjEifQ=="
        }
      ]
    }
  ],
  "check_results": null
}
