{
  "version": 4,
  "terraform_version": "1.12.2",
  "serial": 246,
  "lineage": "9cd156b1-2567-bb28-b4d5-20d62df16207",
  "outputs": {
    "chef_public_ip-v2": {
      "value": "3.108.66.209",
      "type": "string"
    }
  },
  "resources": [
    {
      "mode": "managed",
      "type": "aws_instance",
      "name": "Chef-v2",
      "provider": "provider[\"registry.terraform.io/hashicorp/aws\"]",
      "instances": [
        {
          "schema_version": 2,
          "attributes": {
            "ami": "ami-02d26659fd82cf299",
            "arn": "arn:aws:ec2:ap-south-1:796973494537:instance/i-046bab6b5e70324aa",
            "associate_public_ip_address": true,
            "availability_zone": "ap-south-1a",
            "capacity_reservation_specification": [
              {
                "capacity_reservation_preference": "open",
                "capacity_reservation_target": []
              }
            ],
            "cpu_options": [
              {
                "amd_sev_snp": "",
                "core_count": 2,
                "threads_per_core": 1
              }
            ],
            "credit_specification": [
              {
                "cpu_credits": "standard"
              }
            ],
            "disable_api_stop": false,
            "disable_api_termination": false,
            "ebs_block_device": [],
            "ebs_optimized": false,
            "enable_primary_ipv6": null,
            "enclave_options": [
              {
                "enabled": false
              }
            ],
            "ephemeral_block_device": [],
            "force_destroy": false,
            "get_password_data": false,
            "hibernation": false,
            "host_id": "",
            "host_resource_group_arn": null,
            "iam_instance_profile": "",
            "id": "i-046bab6b5e70324aa",
            "instance_initiated_shutdown_behavior": "stop",
            "instance_lifecycle": "",
            "instance_market_options": [],
            "instance_state": "running",
            "instance_type": "t2.medium",
            "ipv6_address_count": 0,
            "ipv6_addresses": [],
            "key_name": "deployer-key",
            "launch_template": [],
            "maintenance_options": [
              {
                "auto_recovery": "default"
              }
            ],
            "metadata_options": [
              {
                "http_endpoint": "enabled",
                "http_protocol_ipv6": "disabled",
                "http_put_response_hop_limit": 2,
                "http_tokens": "required",
                "instance_metadata_tags": "disabled"
              }
            ],
            "monitoring": false,
            "network_interface": [],
            "outpost_arn": "",
            "password_data": "",
            "placement_group": "",
            "placement_group_id": "",
            "placement_partition_number": 0,
            "primary_network_interface": [
              {
                "delete_on_termination": true,
                "network_interface_id": "eni-068a46d75d2f48d8c"
              }
            ],
            "primary_network_interface_id": "eni-068a46d75d2f48d8c",
            "private_dns": "ip-172-31-33-80.ap-south-1.compute.internal",
            "private_dns_name_options": [
              {
                "enable_resource_name_dns_a_record": false,
                "enable_resource_name_dns_aaaa_record": false,
                "hostname_type": "ip-name"
              }
            ],
            "private_ip": "172.31.33.80",
            "public_dns": "ec2-3-108-66-209.ap-south-1.compute.amazonaws.com",
            "public_ip": "3.108.66.209",
            "region": "ap-south-1",
            "root_block_device": [
              {
                "delete_on_termination": true,
                "device_name": "/dev/sda1",
                "encrypted": false,
                "iops": 3000,
                "kms_key_id": "",
                "tags": {},
                "tags_all": {},
                "throughput": 125,
                "volume_id": "vol-0550c94b23bf0ef6b",
                "volume_size": 8,
                "volume_type": "gp3"
              }
            ],
            "secondary_private_ips": [],
            "security_groups": [
              "default"
            ],
            "source_dest_check": true,
            "spot_instance_request_id": "",
            "subnet_id": "subnet-0e0f578c91bc533af",
            "tags": {
              "Name": "Ubuntu-Chef-Server-v2"
            },
            "tags_all": {
              "Name": "Ubuntu-Chef-Server-v2"
            },
            "tenancy": "default",
            "timeouts": null,
            "user_data": null,
            "user_data_base64": null,
            "user_data_replace_on_change": false,
            "volume_tags": null,
            "vpc_security_group_ids": [
              "sg-021052133b79a7d8b"
            ]
          },
          "sensitive_attributes": [],
          "identity_schema_version": 0,
          "identity": {
            "account_id": "796973494537",
            "id": "i-046bab6b5e70324aa",
            "region": "ap-south-1"
          },
          "private": "eyJlMmJmYjczMC1lY2FhLTExZTYtOGY4OC0zNDM2M2JjN2M0YzAiOnsiY3JlYXRlIjo2MDAwMDAwMDAwMDAsImRlbGV0ZSI6MTIwMDAwMDAwMDAwMCwicmVhZCI6OTAwMDAwMDAwMDAwLCJ1cGRhdGUiOjYwMDAwMDAwMDAwMH0sInNjaGVtYV92ZXJzaW9uIjoiMiJ9"
        }
      ]
    },
    {
      "mode": "managed",
      "type": "aws_key_pair",
      "name": "key",
      "provider": "provider[\"registry.terraform.io/hashicorp/aws\"]",
      "instances": [
        {
          "schema_version": 1,
          "attributes": {
            "arn": "arn:aws:ec2:ap-south-1:796973494537:key-pair/deployer-key",
            "fingerprint": "ee:a4:6e:8c:ec:ad:2a:17:23:b1:eb:5c:87:1e:13:57",
            "id": "deployer-key",
            "key_name": "deployer-key",
            "key_name_prefix": "",
            "key_pair_id": "key-0f083e51aeccaef32",
            "key_type": "rsa",
            "public_key": "ssh-rsa AAAAB3NzaC1yc2EAAAADAQABAAABgQC8imTKbIgpUNhbMb5hWibgNjN6SvKDzSSBoS7RZejvaohMfRF+5BSFJOb/sBkknGmVVVY6zq0CF/HNaA45guUs6iwQjQIvAhE0XEgCg0BLfjGUKSbAYdUlq8ZogLDD5evIMsLBh+Mh0I0Zy2KdBE1znyRgDr8wCb7e/3YiZgG6gomUVTlsF2k7tB9VkJU7xPXp/pFqKtVSaFzmFXyO+hVJWsbz93U/uww7ZrPNA0UlsmRnmPkYWUvJumyqneBY7TD1BEwrmr8LLW0ktBazh93viOcDprC/tN4pBIOH5Sm9pg3/CIeTDdB616lKebiNM9DorYFfq6Wg8F89EIm8H8LEwsN6gE8NEt3mOzO7aJcUWf2DCc2aWT4LilFPIcqtE+4eEBY/wpNKseXOR1oIvlK6f29+7ehAe67hoRaK9BBuwhnZLYUA5ymEfA6VW1lAtxZI0XCCjbXYMvFl+o2KXm7LUA+qkGiUM6E2KtF7j0EVXkLj79yeZ+GvnLnn9igOVgs= incoforgetech\\gaurav.26@LAP-TZ-0X107072",
            "region": "ap-south-1",
            "tags": {},
            "tags_all": {}
          },
          "sensitive_attributes": [],
          "identity_schema_version": 0,
          "private": "eyJzY2hlbWFfdmVyc2lvbiI6IjEifQ=="
        }
      ]
    }
  ],
  "check_results": null
}
